
Microsoft Visual Studio Solution File, Format Version 12.00
Project("{FAE04EC0-301F-11D3-BF4B-00C04F79EFBC}") = "Diva.Zengin", "Diva.Zengin\Diva.Zengin.csproj", "{7D4DA952-63A4-4108-81DA-C15A0D940BFE}"
EndProject
Project("{FAE04EC0-301F-11D3-BF4B-00C04F79EFBC}") = "Diva.Zengin.Tests", "Diva.Zengin.Tests\Diva.Zengin.Tests.csproj", "{79D7E0DB-8C3E-43C8-AD9D-95C4440278C2}"
EndProject
Project("{FAE04EC0-301F-11D3-BF4B-00C04F79EFBC}") = "Diva.Zengin.SourceGenerator", "Diva.Zengin.SourceGenerator\Diva.Zengin.SourceGenerator.csproj", "{90FBCCBF-1A47-4C60-8B76-7D739AC8DC2C}"
EndProject
Project("{FAE04EC0-301F-11D3-BF4B-00C04F79EFBC}") = "Diva.Zengin.Helpers", "Diva.Zengin.Helpers\Diva.Zengin.Helpers.csproj", "{DFF9621A-FA81-4737-81FD-ADD1EF91F907}"
EndProject
Global
	GlobalSection(SolutionConfigurationPlatforms) = preSolution
		Debug|Any CPU = Debug|Any CPU
		Release|Any CPU = Release|Any CPU
	EndGlobalSection
	GlobalSection(ProjectConfigurationPlatforms) = postSolution
		{7D4DA952-63A4-4108-81DA-C15A0D940BFE}.Debug|Any CPU.ActiveCfg = Debug|Any CPU
		{7D4DA952-63A4-4108-81DA-C15A0D940BFE}.Debug|Any CPU.Build.0 = Debug|Any CPU
		{7D4DA952-63A4-4108-81DA-C15A0D940BFE}.Release|Any CPU.ActiveCfg = Release|Any CPU
		{7D4DA952-63A4-4108-81DA-C15A0D940BFE}.Release|Any CPU.Build.0 = Release|Any CPU
		{79D7E0DB-8C3E-43C8-AD9D-95C4440278C2}.Debug|Any CPU.ActiveCfg = Debug|Any CPU
		{79D7E0DB-8C3E-43C8-AD9D-95C4440278C2}.Debug|Any CPU.Build.0 = Debug|Any CPU
		{79D7E0DB-8C3E-43C8-AD9D-95C4440278C2}.Release|Any CPU.ActiveCfg = Release|Any CPU
		{79D7E0DB-8C3E-43C8-AD9D-95C4440278C2}.Release|Any CPU.Build.0 = Release|Any CPU
		{90FBCCBF-1A47-4C60-8B76-7D739AC8DC2C}.Debug|Any CPU.ActiveCfg = Debug|Any CPU
		{90FBCCBF-1A47-4C60-8B76-7D739AC8DC2C}.Debug|Any CPU.Build.0 = Debug|Any CPU
		{90FBCCBF-1A47-4C60-8B76-7D739AC8DC2C}.Release|Any CPU.ActiveCfg = Release|Any CPU
		{90FBCCBF-1A47-4C60-8B76-7D739AC8DC2C}.Release|Any CPU.Build.0 = Release|Any CPU
		{DFF9621A-FA81-4737-81FD-ADD1EF91F907}.Debug|Any CPU.ActiveCfg = Debug|Any CPU
		{DFF9621A-FA81-4737-81FD-ADD1EF91F907}.Debug|Any CPU.Build.0 = Debug|Any CPU
		{DFF9621A-FA81-4737-81FD-ADD1EF91F907}.Release|Any CPU.ActiveCfg = Release|Any CPU
		{DFF9621A-FA81-4737-81FD-ADD1EF91F907}.Release|Any CPU.Build.0 = Release|Any CPU
	EndGlobalSection
EndGlobal
